#MicroXplorer Configuration settings - do not modify
ADC1.Channel-0\#ChannelRegularConversion=ADC_CHANNEL_3
ADC1.Channel-1\#ChannelRegularConversion=ADC_CHANNEL_4
ADC1.Channel-10\#ChannelRegularConversion=ADC_CHANNEL_13
ADC1.Channel-2\#ChannelRegularConversion=ADC_CHANNEL_5
ADC1.Channel-3\#ChannelRegularConversion=ADC_CHANNEL_6
ADC1.Channel-4\#ChannelRegularConversion=ADC_CHANNEL_7
ADC1.Channel-5\#ChannelRegularConversion=ADC_CHANNEL_8
ADC1.Channel-6\#ChannelRegularConversion=ADC_CHANNEL_9
ADC1.Channel-7\#ChannelRegularConversion=ADC_CHANNEL_10
ADC1.Channel-8\#ChannelRegularConversion=ADC_CHANNEL_11
ADC1.Channel-9\#ChannelRegularConversion=ADC_CHANNEL_12
ADC1.ClockPrescaler=ADC_CLOCK_SYNC_PCLK_DIV4
ADC1.ContinuousConvMode=ENABLE
ADC1.DMAContinuousRequests=ENABLE
ADC1.IPParameters=Rank-0\#ChannelRegularConversion,master,Channel-0\#ChannelRegularConversion,SamplingTime-0\#ChannelRegularConversion,NbrOfConversionFlag,ScanConvMode,ContinuousConvMode,DMAContinuousRequests,NbrOfConversion,InjNumberOfConversion,Rank-1\#ChannelRegularConversion,Channel-1\#ChannelRegularConversion,SamplingTime-1\#ChannelRegularConversion,Rank-2\#ChannelRegularConversion,Channel-2\#ChannelRegularConversion,SamplingTime-2\#ChannelRegularConversion,Rank-3\#ChannelRegularConversion,Channel-3\#ChannelRegularConversion,SamplingTime-3\#ChannelRegularConversion,Rank-4\#ChannelRegularConversion,Channel-4\#ChannelRegularConversion,SamplingTime-4\#ChannelRegularConversion,Rank-5\#ChannelRegularConversion,Channel-5\#ChannelRegularConversion,SamplingTime-5\#ChannelRegularConversion,Rank-6\#ChannelRegularConversion,Channel-6\#ChannelRegularConversion,SamplingTime-6\#ChannelRegularConversion,Rank-7\#ChannelRegularConversion,Channel-7\#ChannelRegularConversion,SamplingTime-7\#ChannelRegularConversion,Rank-8\#ChannelRegularConversion,Channel-8\#ChannelRegularConversion,SamplingTime-8\#ChannelRegularConversion,Rank-9\#ChannelRegularConversion,Channel-9\#ChannelRegularConversion,SamplingTime-9\#ChannelRegularConversion,Rank-10\#ChannelRegularConversion,Channel-10\#ChannelRegularConversion,SamplingTime-10\#ChannelRegularConversion,Mode,ClockPrescaler
ADC1.InjNumberOfConversion=0
ADC1.Mode=__NULL
ADC1.NbrOfConversion=11
ADC1.NbrOfConversionFlag=1
ADC1.Rank-0\#ChannelRegularConversion=1
ADC1.Rank-1\#ChannelRegularConversion=2
ADC1.Rank-10\#ChannelRegularConversion=11
ADC1.Rank-2\#ChannelRegularConversion=3
ADC1.Rank-3\#ChannelRegularConversion=4
ADC1.Rank-4\#ChannelRegularConversion=5
ADC1.Rank-5\#ChannelRegularConversion=6
ADC1.Rank-6\#ChannelRegularConversion=7
ADC1.Rank-7\#ChannelRegularConversion=8
ADC1.Rank-8\#ChannelRegularConversion=9
ADC1.Rank-9\#ChannelRegularConversion=10
ADC1.SamplingTime-0\#ChannelRegularConversion=ADC_SAMPLETIME_480CYCLES
ADC1.SamplingTime-1\#ChannelRegularConversion=ADC_SAMPLETIME_480CYCLES
ADC1.SamplingTime-10\#ChannelRegularConversion=ADC_SAMPLETIME_480CYCLES
ADC1.SamplingTime-2\#ChannelRegularConversion=ADC_SAMPLETIME_480CYCLES
ADC1.SamplingTime-3\#ChannelRegularConversion=ADC_SAMPLETIME_480CYCLES
ADC1.SamplingTime-4\#ChannelRegularConversion=ADC_SAMPLETIME_480CYCLES
ADC1.SamplingTime-5\#ChannelRegularConversion=ADC_SAMPLETIME_480CYCLES
ADC1.SamplingTime-6\#ChannelRegularConversion=ADC_SAMPLETIME_480CYCLES
ADC1.SamplingTime-7\#ChannelRegularConversion=ADC_SAMPLETIME_480CYCLES
ADC1.SamplingTime-8\#ChannelRegularConversion=ADC_SAMPLETIME_480CYCLES
ADC1.SamplingTime-9\#ChannelRegularConversion=ADC_SAMPLETIME_480CYCLES
ADC1.ScanConvMode=ADC_SCAN_ENABLE
ADC1.master=1
ADC2.Channel-0\#ChannelRegularConversion=ADC_CHANNEL_0
ADC2.Channel-1\#ChannelRegularConversion=ADC_CHANNEL_1
ADC2.Channel-2\#ChannelRegularConversion=ADC_CHANNEL_14
ADC2.Channel-3\#ChannelRegularConversion=ADC_CHANNEL_15
ADC2.ClockPrescaler=ADC_CLOCK_SYNC_PCLK_DIV4
ADC2.ContinuousConvMode=ENABLE
ADC2.DMAContinuousRequests=ENABLE
ADC2.IPParameters=Rank-0\#ChannelRegularConversion,Channel-0\#ChannelRegularConversion,SamplingTime-0\#ChannelRegularConversion,NbrOfConversionFlag,ScanConvMode,ContinuousConvMode,DMAContinuousRequests,Rank-1\#ChannelRegularConversion,Channel-1\#ChannelRegularConversion,SamplingTime-1\#ChannelRegularConversion,Rank-2\#ChannelRegularConversion,Channel-2\#ChannelRegularConversion,SamplingTime-2\#ChannelRegularConversion,Rank-3\#ChannelRegularConversion,Channel-3\#ChannelRegularConversion,SamplingTime-3\#ChannelRegularConversion,NbrOfConversion,ClockPrescaler
ADC2.NbrOfConversion=4
ADC2.NbrOfConversionFlag=1
ADC2.Rank-0\#ChannelRegularConversion=1
ADC2.Rank-1\#ChannelRegularConversion=2
ADC2.Rank-2\#ChannelRegularConversion=3
ADC2.Rank-3\#ChannelRegularConversion=4
ADC2.SamplingTime-0\#ChannelRegularConversion=ADC_SAMPLETIME_480CYCLES
ADC2.SamplingTime-1\#ChannelRegularConversion=ADC_SAMPLETIME_480CYCLES
ADC2.SamplingTime-2\#ChannelRegularConversion=ADC_SAMPLETIME_480CYCLES
ADC2.SamplingTime-3\#ChannelRegularConversion=ADC_SAMPLETIME_480CYCLES
ADC2.ScanConvMode=ADC_SCAN_ENABLE
ADC3.Channel-0\#ChannelRegularConversion=ADC_CHANNEL_2
ADC3.Channel-1\#ChannelRegularConversion=ADC_CHANNEL_4
ADC3.Channel-2\#ChannelRegularConversion=ADC_CHANNEL_5
ADC3.Channel-3\#ChannelRegularConversion=ADC_CHANNEL_6
ADC3.Channel-4\#ChannelRegularConversion=ADC_CHANNEL_7
ADC3.Channel-5\#ChannelRegularConversion=ADC_CHANNEL_8
ADC3.ClockPrescaler=ADC_CLOCK_SYNC_PCLK_DIV4
ADC3.ContinuousConvMode=ENABLE
ADC3.DMAContinuousRequests=ENABLE
ADC3.IPParameters=Rank-0\#ChannelRegularConversion,Channel-0\#ChannelRegularConversion,SamplingTime-0\#ChannelRegularConversion,NbrOfConversionFlag,ScanConvMode,ContinuousConvMode,DMAContinuousRequests,TwoSamplingDelay,Rank-1\#ChannelRegularConversion,Channel-1\#ChannelRegularConversion,SamplingTime-1\#ChannelRegularConversion,Rank-2\#ChannelRegularConversion,Channel-2\#ChannelRegularConversion,SamplingTime-2\#ChannelRegularConversion,Rank-3\#ChannelRegularConversion,Channel-3\#ChannelRegularConversion,SamplingTime-3\#ChannelRegularConversion,Rank-4\#ChannelRegularConversion,Channel-4\#ChannelRegularConversion,SamplingTime-4\#ChannelRegularConversion,Rank-5\#ChannelRegularConversion,Channel-5\#ChannelRegularConversion,SamplingTime-5\#ChannelRegularConversion,NbrOfConversion,ClockPrescaler
ADC3.NbrOfConversion=6
ADC3.NbrOfConversionFlag=1
ADC3.Rank-0\#ChannelRegularConversion=1
ADC3.Rank-1\#ChannelRegularConversion=2
ADC3.Rank-2\#ChannelRegularConversion=3
ADC3.Rank-3\#ChannelRegularConversion=4
ADC3.Rank-4\#ChannelRegularConversion=5
ADC3.Rank-5\#ChannelRegularConversion=6
ADC3.SamplingTime-0\#ChannelRegularConversion=ADC_SAMPLETIME_480CYCLES
ADC3.SamplingTime-1\#ChannelRegularConversion=ADC_SAMPLETIME_480CYCLES
ADC3.SamplingTime-2\#ChannelRegularConversion=ADC_SAMPLETIME_480CYCLES
ADC3.SamplingTime-3\#ChannelRegularConversion=ADC_SAMPLETIME_480CYCLES
ADC3.SamplingTime-4\#ChannelRegularConversion=ADC_SAMPLETIME_480CYCLES
ADC3.SamplingTime-5\#ChannelRegularConversion=ADC_SAMPLETIME_480CYCLES
ADC3.ScanConvMode=ADC_SCAN_ENABLE
ADC3.TwoSamplingDelay=ADC_TWOSAMPLINGDELAY_20CYCLES
Dma.ADC1.0.Direction=DMA_PERIPH_TO_MEMORY
Dma.ADC1.0.FIFOMode=DMA_FIFOMODE_DISABLE
Dma.ADC1.0.Instance=DMA2_Stream0
Dma.ADC1.0.MemDataAlignment=DMA_MDATAALIGN_WORD
Dma.ADC1.0.MemInc=DMA_MINC_ENABLE
Dma.ADC1.0.Mode=DMA_NORMAL
Dma.ADC1.0.PeriphDataAlignment=DMA_PDATAALIGN_WORD
Dma.ADC1.0.PeriphInc=DMA_PINC_DISABLE
Dma.ADC1.0.Priority=DMA_PRIORITY_LOW
Dma.ADC1.0.RequestParameters=Instance,Direction,PeriphInc,MemInc,PeriphDataAlignment,MemDataAlignment,Mode,Priority,FIFOMode
Dma.ADC2.1.Direction=DMA_PERIPH_TO_MEMORY
Dma.ADC2.1.FIFOMode=DMA_FIFOMODE_DISABLE
Dma.ADC2.1.Instance=DMA2_Stream2
Dma.ADC2.1.MemDataAlignment=DMA_MDATAALIGN_WORD
Dma.ADC2.1.MemInc=DMA_MINC_ENABLE
Dma.ADC2.1.Mode=DMA_NORMAL
Dma.ADC2.1.PeriphDataAlignment=DMA_PDATAALIGN_WORD
Dma.ADC2.1.PeriphInc=DMA_PINC_DISABLE
Dma.ADC2.1.Priority=DMA_PRIORITY_LOW
Dma.ADC2.1.RequestParameters=Instance,Direction,PeriphInc,MemInc,PeriphDataAlignment,MemDataAlignment,Mode,Priority,FIFOMode
Dma.ADC3.2.Direction=DMA_PERIPH_TO_MEMORY
Dma.ADC3.2.FIFOMode=DMA_FIFOMODE_DISABLE
Dma.ADC3.2.Instance=DMA2_Stream1
Dma.ADC3.2.MemDataAlignment=DMA_MDATAALIGN_WORD
Dma.ADC3.2.MemInc=DMA_MINC_ENABLE
Dma.ADC3.2.Mode=DMA_NORMAL
Dma.ADC3.2.PeriphDataAlignment=DMA_PDATAALIGN_WORD
Dma.ADC3.2.PeriphInc=DMA_PINC_DISABLE
Dma.ADC3.2.Priority=DMA_PRIORITY_LOW
Dma.ADC3.2.RequestParameters=Instance,Direction,PeriphInc,MemInc,PeriphDataAlignment,MemDataAlignment,Mode,Priority,FIFOMode
Dma.Request0=ADC1
Dma.Request1=ADC2
Dma.Request2=ADC3
Dma.Request3=UART5_RX
Dma.RequestsNb=4
Dma.UART5_RX.3.Direction=DMA_PERIPH_TO_MEMORY
Dma.UART5_RX.3.FIFOMode=DMA_FIFOMODE_DISABLE
Dma.UART5_RX.3.Instance=DMA1_Stream0
Dma.UART5_RX.3.MemDataAlignment=DMA_MDATAALIGN_BYTE
Dma.UART5_RX.3.MemInc=DMA_MINC_ENABLE
Dma.UART5_RX.3.Mode=DMA_CIRCULAR
Dma.UART5_RX.3.PeriphDataAlignment=DMA_PDATAALIGN_BYTE
Dma.UART5_RX.3.PeriphInc=DMA_PINC_DISABLE
Dma.UART5_RX.3.Priority=DMA_PRIORITY_LOW
Dma.UART5_RX.3.RequestParameters=Instance,Direction,PeriphInc,MemInc,PeriphDataAlignment,MemDataAlignment,Mode,Priority,FIFOMode
FREERTOS.FootprintOK=true
FREERTOS.IPParameters=Tasks01,FootprintOK,configTOTAL_HEAP_SIZE
FREERTOS.Tasks01=Heartbeat,8,128,startHeartbeat,Default,NULL,Dynamic,NULL,NULL;adcRead,9,128,startADCRead,Default,NULL,Dynamic,NULL,NULL;DatScreenBlink,24,10000,GetDaScreenBlink,Default,NULL,Dynamic,NULL,NULL;gpioInputRead,10,128,startGpioInputRead,Default,NULL,Dynamic,NULL,NULL;navigationTask,40,128,startNavigationTask,Default,NULL,Dynamic,NULL,NULL
FREERTOS.configTOTAL_HEAP_SIZE=50000
File.Version=6
GPIO.groupedBy=Group By Peripherals
I2C1.IPParameters=Timing
I2C1.Timing=0x007074AF
I2C2.IPParameters=Timing
I2C2.Timing=0x007074AF
I2C3.I2C_Speed_Mode=I2C_Fast_Plus
I2C3.IPParameters=Timing,Speed,OwnAddress,I2C_Speed_Mode
I2C3.OwnAddress=76
I2C3.Speed=50
I2C3.Timing=0x100029FE
I2C4.IPParameters=Timing
I2C4.Timing=0x007074AF
KeepUserPlacement=false
Mcu.Family=STM32F7
Mcu.IP0=ADC1
Mcu.IP1=ADC2
Mcu.IP10=NVIC
Mcu.IP11=RCC
Mcu.IP12=RTC
Mcu.IP13=SPI4
Mcu.IP14=SPI5
Mcu.IP15=SYS
Mcu.IP16=TIM4
Mcu.IP17=TIM5
Mcu.IP18=UART4
Mcu.IP19=UART5
Mcu.IP2=ADC3
Mcu.IP20=UART7
Mcu.IP21=USB_OTG_FS
Mcu.IP3=CORTEX_M7
Mcu.IP4=DMA
Mcu.IP5=FREERTOS
Mcu.IP6=I2C1
Mcu.IP7=I2C2
Mcu.IP8=I2C3
Mcu.IP9=I2C4
Mcu.IPNb=22
Mcu.Name=STM32F777NIHx
Mcu.Package=TFBGA216
Mcu.Pin0=PE4
Mcu.Pin1=PE3
Mcu.Pin10=PA13
Mcu.Pin100=PE7
Mcu.Pin101=PE10
Mcu.Pin102=PB11
Mcu.Pin103=VP_FREERTOS_VS_CMSIS_V2
Mcu.Pin104=VP_RTC_VS_RTC_Activate
Mcu.Pin105=VP_RTC_VS_RTC_Calendar
Mcu.Pin106=VP_SYS_VS_tim6
Mcu.Pin107=VP_TIM4_VS_ClockSourceINT
Mcu.Pin108=VP_TIM5_VS_ClockSourceINT
Mcu.Pin11=PE5
Mcu.Pin12=PE6
Mcu.Pin13=PB9
Mcu.Pin14=PB7
Mcu.Pin15=PB6
Mcu.Pin16=PC11
Mcu.Pin17=PC10
Mcu.Pin18=PA12
Mcu.Pin19=PI8
Mcu.Pin2=PE2
Mcu.Pin20=PI4
Mcu.Pin21=PK7
Mcu.Pin22=PK6
Mcu.Pin23=PK5
Mcu.Pin24=PA11
Mcu.Pin25=PC13
Mcu.Pin26=PF0
Mcu.Pin27=PI6
Mcu.Pin28=PK4
Mcu.Pin29=PD4
Mcu.Pin3=PG14
Mcu.Pin30=PD2
Mcu.Pin31=PA10
Mcu.Pin32=PC14/OSC32_IN
Mcu.Pin33=PF1
Mcu.Pin34=PI12
Mcu.Pin35=PC15/OSC32_OUT
Mcu.Pin36=PK1
Mcu.Pin37=PC9
Mcu.Pin38=PA8
Mcu.Pin39=PH0/OSC_IN
Mcu.Pin4=PB8
Mcu.Pin40=PF2
Mcu.Pin41=PK0
Mcu.Pin42=PH1/OSC_OUT
Mcu.Pin43=PF3
Mcu.Pin44=PF4
Mcu.Pin45=PH5
Mcu.Pin46=PF7
Mcu.Pin47=PF6
Mcu.Pin48=PF5
Mcu.Pin49=PH2
Mcu.Pin5=PB4
Mcu.Pin50=PD15
Mcu.Pin51=PD10
Mcu.Pin52=PF10
Mcu.Pin53=PF9
Mcu.Pin54=PF8
Mcu.Pin55=PC3
Mcu.Pin56=PD14
Mcu.Pin57=PB12
Mcu.Pin58=PD9
Mcu.Pin59=PD8
Mcu.Pin6=PB3
Mcu.Pin60=PC0
Mcu.Pin61=PC1
Mcu.Pin62=PC2
Mcu.Pin63=PF12
Mcu.Pin64=PG1
Mcu.Pin65=PF15
Mcu.Pin66=PJ4
Mcu.Pin67=PD12
Mcu.Pin68=PD13
Mcu.Pin69=PG3
Mcu.Pin7=PC12
Mcu.Pin70=PG2
Mcu.Pin71=PH12
Mcu.Pin72=PA1
Mcu.Pin73=PA0/WKUP
Mcu.Pin74=PA4
Mcu.Pin75=PC4
Mcu.Pin76=PF13
Mcu.Pin77=PG0
Mcu.Pin78=PJ3
Mcu.Pin79=PE8
Mcu.Pin8=PA15
Mcu.Pin80=PD11
Mcu.Pin81=PG5
Mcu.Pin82=PH7
Mcu.Pin83=PH11
Mcu.Pin84=PA2
Mcu.Pin85=PA6
Mcu.Pin86=PA5
Mcu.Pin87=PC5
Mcu.Pin88=PF14
Mcu.Pin89=PF11
Mcu.Pin9=PA14
Mcu.Pin90=PE9
Mcu.Pin91=PB10
Mcu.Pin92=PH6
Mcu.Pin93=PH10
Mcu.Pin94=PA3
Mcu.Pin95=PA7
Mcu.Pin96=PB1
Mcu.Pin97=PB0
Mcu.Pin98=PJ0
Mcu.Pin99=PJ1
Mcu.PinsNb=109
Mcu.ThirdPartyNb=0
Mcu.UserConstants=
Mcu.UserName=STM32F777NIHx
MxCube.Version=6.1.1
MxDb.Version=DB.6.0.10
NVIC.ADC_IRQn=true\:5\:0\:false\:false\:true\:true\:true\:true
NVIC.BusFault_IRQn=true\:0\:0\:false\:false\:true\:false\:false\:false
NVIC.DMA1_Stream0_IRQn=true\:5\:0\:false\:false\:true\:true\:false\:true
NVIC.DMA2_Stream0_IRQn=true\:5\:0\:false\:false\:true\:true\:false\:true
NVIC.DMA2_Stream1_IRQn=true\:5\:0\:false\:false\:true\:true\:false\:true
NVIC.DMA2_Stream2_IRQn=true\:5\:0\:false\:false\:true\:true\:false\:true
NVIC.DebugMonitor_IRQn=true\:0\:0\:false\:false\:true\:false\:false\:false
NVIC.EXTI4_IRQn=true\:5\:0\:false\:false\:true\:true\:true\:true
NVIC.EXTI9_5_IRQn=true\:5\:0\:false\:false\:true\:true\:true\:true
NVIC.ForceEnableDMAVector=true
NVIC.HardFault_IRQn=true\:0\:0\:false\:false\:true\:false\:false\:false
NVIC.MemoryManagement_IRQn=true\:0\:0\:false\:false\:true\:false\:false\:false
NVIC.NonMaskableInt_IRQn=true\:0\:0\:false\:false\:true\:false\:false\:false
NVIC.PendSV_IRQn=true\:15\:0\:false\:false\:false\:true\:false\:false
NVIC.PriorityGroup=NVIC_PRIORITYGROUP_4
NVIC.SPI4_IRQn=true\:5\:0\:false\:false\:true\:true\:true\:true
NVIC.SVCall_IRQn=true\:0\:0\:false\:false\:false\:false\:false\:false
NVIC.SavedPendsvIrqHandlerGenerated=true
NVIC.SavedSvcallIrqHandlerGenerated=true
NVIC.SavedSystickIrqHandlerGenerated=true
NVIC.SysTick_IRQn=true\:15\:0\:false\:false\:false\:true\:false\:true
NVIC.TIM6_DAC_IRQn=true\:0\:0\:false\:false\:true\:false\:false\:true
NVIC.TimeBase=TIM6_DAC_IRQn
NVIC.TimeBaseIP=TIM6
NVIC.UsageFault_IRQn=true\:0\:0\:false\:false\:true\:false\:false\:false
PA0/WKUP.GPIOParameters=GPIO_Label
PA0/WKUP.GPIO_Label=ADC0
PA0/WKUP.Locked=true
PA0/WKUP.Signal=ADCx_IN0
PA1.GPIOParameters=GPIO_Label
PA1.GPIO_Label=ADC1
PA1.Locked=true
PA1.Signal=ADCx_IN1
PA10.Locked=true
PA10.Signal=USB_OTG_FS_ID
PA11.Locked=true
PA11.Mode=Device_Only
PA11.Signal=USB_OTG_FS_DM
PA12.Locked=true
PA12.Mode=Device_Only
PA12.Signal=USB_OTG_FS_DP
PA13.Locked=true
PA13.Mode=JTAG_5_pins
PA13.Signal=SYS_JTMS-SWDIO
PA14.Locked=true
PA14.Mode=JTAG_5_pins
PA14.Signal=SYS_JTCK-SWCLK
PA15.Locked=true
PA15.Mode=JTAG_5_pins
PA15.Signal=SYS_JTDI
PA2.GPIOParameters=GPIO_Label
PA2.GPIO_Label=ADC2
PA2.Locked=true
PA2.Signal=ADCx_IN2
PA3.GPIOParameters=GPIO_PuPd,GPIO_Label,GPIO_Mode
PA3.GPIO_Label=ADC3
PA3.GPIO_Mode=GPIO_MODE_ANALOG
PA3.GPIO_PuPd=GPIO_NOPULL
PA3.Locked=true
PA3.Signal=ADCx_IN3
PA4.GPIOParameters=GPIO_PuPd,GPIO_Label,GPIO_Mode
PA4.GPIO_Label=ADC4
PA4.GPIO_Mode=GPIO_MODE_ANALOG
PA4.GPIO_PuPd=GPIO_NOPULL
PA4.Signal=ADCx_IN4
PA5.GPIOParameters=GPIO_PuPd,GPIO_Label,GPIO_Mode
PA5.GPIO_Label=ADC5
PA5.GPIO_Mode=GPIO_MODE_ANALOG
PA5.GPIO_PuPd=GPIO_NOPULL
PA5.Signal=ADCx_IN5
PA6.GPIOParameters=GPIO_PuPd,GPIO_Label,GPIO_Mode
PA6.GPIO_Label=ADC6
PA6.GPIO_Mode=GPIO_MODE_ANALOG
PA6.GPIO_PuPd=GPIO_NOPULL
PA6.Locked=true
PA6.Signal=ADCx_IN6
PA7.GPIOParameters=GPIO_Label
PA7.GPIO_Label=ADC7
PA7.Locked=true
PA7.Signal=ADCx_IN7
PA8.GPIOParameters=GPIO_Speed,GPIO_PuPdOD,GPIO_Label,GPIO_Mode
PA8.GPIO_Label=SOC_I2C_SCL_3V3
PA8.GPIO_Mode=GPIO_MODE_AF_OD
PA8.GPIO_PuPdOD=GPIO_PULLUP
PA8.GPIO_Speed=GPIO_SPEED_FREQ_VERY_HIGH
PA8.Locked=true
PA8.Mode=I2C
PA8.Signal=I2C3_SCL
PB0.GPIOParameters=GPIO_Label
PB0.GPIO_Label=ADC8
PB0.Locked=true
PB0.Signal=ADCx_IN8
PB1.GPIOParameters=GPIO_PuPd,GPIO_Label,GPIO_Mode
PB1.GPIO_Label=ADC9
PB1.GPIO_Mode=GPIO_MODE_ANALOG
PB1.GPIO_PuPd=GPIO_NOPULL
PB1.Locked=true
PB1.Signal=ADCx_IN9
PB10.GPIOParameters=GPIO_Label
PB10.GPIO_Label=EDL_EN
PB10.Locked=true
PB10.Signal=GPIO_Output
PB11.GPIOParameters=GPIO_Label
PB11.GPIO_Label=SPARE_SW_EN
PB11.Locked=true
PB11.Signal=GPIO_Output
PB12.GPIOParameters=GPIO_Label
PB12.GPIO_Label=ZION_PWR_EN
PB12.Locked=true
PB12.Signal=GPIO_Output
PB3.Locked=true
PB3.Mode=JTAG_5_pins
PB3.Signal=SYS_JTDO-SWO
PB4.Locked=true
PB4.Mode=JTAG_5_pins
PB4.Signal=SYS_JTRST
PB6.GPIOParameters=GPIO_Label
PB6.GPIO_Label=SPARE_TIM
PB6.Locked=true
PB6.Signal=S_TIM4_CH1
PB7.GPIOParameters=GPIO_PuPd,GPIO_Label,GPIO_Mode
PB7.GPIO_Label=UI_INPUT0
PB7.GPIO_Mode=GPIO_MODE_INPUT
PB7.GPIO_PuPd=GPIO_NOPULL
PB7.Locked=true
PB7.Signal=GPIO_Input
PB8.GPIOParameters=GPIO_Speed,GPIO_PuPdOD,GPIO_Label,GPIO_Mode
PB8.GPIO_Label=LED_I2C_SCL
PB8.GPIO_Mode=GPIO_MODE_AF_OD
PB8.GPIO_PuPdOD=GPIO_PULLUP
PB8.GPIO_Speed=GPIO_SPEED_FREQ_VERY_HIGH
PB8.Locked=true
PB8.Mode=I2C
PB8.Signal=I2C1_SCL
PB9.GPIOParameters=GPIO_Speed,GPIO_PuPdOD,GPIO_Label,GPIO_Mode
PB9.GPIO_Label=LED_I2C_SDA
PB9.GPIO_Mode=GPIO_MODE_AF_OD
PB9.GPIO_PuPdOD=GPIO_PULLUP
PB9.GPIO_Speed=GPIO_SPEED_FREQ_VERY_HIGH
PB9.Locked=true
PB9.Mode=I2C
PB9.Signal=I2C1_SDA
PC0.GPIOParameters=GPIO_PuPd,GPIO_Label,GPIO_Mode
PC0.GPIO_Label=ADC10
PC0.GPIO_Mode=GPIO_MODE_ANALOG
PC0.GPIO_PuPd=GPIO_NOPULL
PC0.Locked=true
PC0.Signal=ADCx_IN10
PC1.GPIOParameters=GPIO_Label
PC1.GPIO_Label=ADC11
PC1.Locked=true
PC1.Signal=ADCx_IN11
PC10.GPIOParameters=GPIO_ModeDefaultPP,GPIO_Speed,GPIO_PuPd,GPIO_Label
PC10.GPIO_Label=SPARE_UART_TX_3V3
PC10.GPIO_ModeDefaultPP=GPIO_MODE_AF_PP
PC10.GPIO_PuPd=GPIO_NOPULL
PC10.GPIO_Speed=GPIO_SPEED_FREQ_VERY_HIGH
PC10.Locked=true
PC10.Mode=Asynchronous
PC10.Signal=UART4_TX
PC11.GPIOParameters=GPIO_ModeDefaultPP,GPIO_Speed,GPIO_PuPd,GPIO_Label
PC11.GPIO_Label=SPARE_UART_RX_3V3
PC11.GPIO_ModeDefaultPP=GPIO_MODE_AF_PP
PC11.GPIO_PuPd=GPIO_NOPULL
PC11.GPIO_Speed=GPIO_SPEED_FREQ_VERY_HIGH
PC11.Locked=true
PC11.Mode=Asynchronous
PC11.Signal=UART4_RX
PC12.GPIOParameters=GPIO_ModeDefaultPP,GPIO_Speed,GPIO_PuPd,GPIO_Label
PC12.GPIO_Label=SOC_UART_TX_3V3
PC12.GPIO_ModeDefaultPP=GPIO_MODE_AF_PP
PC12.GPIO_PuPd=GPIO_NOPULL
PC12.GPIO_Speed=GPIO_SPEED_FREQ_VERY_HIGH
PC12.Locked=true
PC12.Mode=Asynchronous
PC12.Signal=UART5_TX
PC13.GPIOParameters=GPIO_PuPd,GPIO_Label,GPIO_Mode
PC13.GPIO_Label=UI_INPUT1
PC13.GPIO_Mode=GPIO_MODE_INPUT
PC13.GPIO_PuPd=GPIO_NOPULL
PC13.Locked=true
PC13.Signal=GPIO_Input
PC14/OSC32_IN.Locked=true
PC14/OSC32_IN.Mode=LSE-External-Oscillator
PC14/OSC32_IN.Signal=RCC_OSC32_IN
PC15/OSC32_OUT.Locked=true
PC15/OSC32_OUT.Mode=LSE-External-Oscillator
PC15/OSC32_OUT.Signal=RCC_OSC32_OUT
PC2.GPIOParameters=GPIO_PuPd,GPIO_Label,GPIO_Mode
PC2.GPIO_Label=ADC12
PC2.GPIO_Mode=GPIO_MODE_ANALOG
PC2.GPIO_PuPd=GPIO_NOPULL
PC2.Locked=true
PC2.Signal=ADCx_IN12
PC3.GPIOParameters=GPIO_PuPd,GPIO_Label,GPIO_Mode
PC3.GPIO_Label=ADC13
PC3.GPIO_Mode=GPIO_MODE_ANALOG
PC3.GPIO_PuPd=GPIO_NOPULL
PC3.Locked=true
PC3.Signal=ADCx_IN13
PC4.GPIOParameters=GPIO_Label
PC4.GPIO_Label=PP_SPARE_SPI_ADC
PC4.Locked=true
PC4.Signal=ADCx_IN14
PC5.GPIOParameters=GPIO_Label
PC5.GPIO_Label=PP_SPARE_UART_ADC
PC5.Locked=true
PC5.Signal=ADCx_IN15
PC9.GPIOParameters=GPIO_Speed,GPIO_PuPdOD,GPIO_Label,GPIO_Mode
PC9.GPIO_Label=SOC_I2C_SDA_3V3
PC9.GPIO_Mode=GPIO_MODE_AF_OD
PC9.GPIO_PuPdOD=GPIO_PULLUP
PC9.GPIO_Speed=GPIO_SPEED_FREQ_VERY_HIGH
PC9.Locked=true
PC9.Mode=I2C
PC9.Signal=I2C3_SDA
PD10.GPIOParameters=GPIO_PuPd,GPIO_Label,GPIO_Mode
PD10.GPIO_Label=UI_INPUT5
PD10.GPIO_Mode=GPIO_MODE_INPUT
PD10.GPIO_PuPd=GPIO_NOPULL
PD10.Locked=true
PD10.Signal=GPIO_Input
PD11.GPIOParameters=GPIO_PuPd,GPIO_Label,GPIO_Mode
PD11.GPIO_Label=UI_INPUT6
PD11.GPIO_Mode=GPIO_MODE_INPUT
PD11.GPIO_PuPd=GPIO_NOPULL
PD11.Locked=true
PD11.Signal=GPIO_Input
PD12.GPIOParameters=GPIO_PuPd,GPIO_Label,GPIO_Mode
PD12.GPIO_Label=UI_INPUT7
PD12.GPIO_Mode=GPIO_MODE_INPUT
PD12.GPIO_PuPd=GPIO_NOPULL
PD12.Locked=true
PD12.Signal=GPIO_Input
PD13.GPIOParameters=GPIO_PuPd,GPIO_Label,GPIO_Mode
PD13.GPIO_Label=UI_INPUT8
PD13.GPIO_Mode=GPIO_MODE_INPUT
PD13.GPIO_PuPd=GPIO_NOPULL
PD13.Locked=true
PD13.Signal=GPIO_Input
PD14.GPIOParameters=GPIO_PuPd,GPIO_Label,GPIO_Mode
PD14.GPIO_Label=UI_INPUT9
PD14.GPIO_Mode=GPIO_MODE_INPUT
PD14.GPIO_PuPd=GPIO_NOPULL
PD14.Locked=true
PD14.Signal=GPIO_Input
PD15.GPIOParameters=GPIO_PuPd,GPIO_Label,GPIO_Mode
PD15.GPIO_Label=UI_INPUT10
PD15.GPIO_Mode=GPIO_MODE_INPUT
PD15.GPIO_PuPd=GPIO_NOPULL
PD15.Locked=true
PD15.Signal=GPIO_Input
PD2.GPIOParameters=GPIO_ModeDefaultPP,GPIO_Speed,GPIO_PuPd,GPIO_Label
PD2.GPIO_Label=SOC_UART_RX_3V3
PD2.GPIO_ModeDefaultPP=GPIO_MODE_AF_PP
PD2.GPIO_PuPd=GPIO_NOPULL
PD2.GPIO_Speed=GPIO_SPEED_FREQ_VERY_HIGH
PD2.Locked=true
PD2.Mode=Asynchronous
PD2.Signal=UART5_RX
PD4.GPIOParameters=GPIO_PuPd,GPIO_Label,GPIO_Mode
PD4.GPIO_Label=UI_INPUT2
PD4.GPIO_Mode=GPIO_MODE_INPUT
PD4.GPIO_PuPd=GPIO_NOPULL
PD4.Locked=true
PD4.Signal=GPIO_Input
PD8.GPIOParameters=GPIO_PuPd,GPIO_Label,GPIO_Mode
PD8.GPIO_Label=UI_INPUT3
PD8.GPIO_Mode=GPIO_MODE_INPUT
PD8.GPIO_PuPd=GPIO_NOPULL
PD8.Locked=true
PD8.Signal=GPIO_Input
PD9.GPIOParameters=GPIO_PuPd,GPIO_Label,GPIO_Mode
PD9.GPIO_Label=UI_INPUT4
PD9.GPIO_Mode=GPIO_MODE_INPUT
PD9.GPIO_PuPd=GPIO_NOPULL
PD9.Locked=true
PD9.Signal=GPIO_Input
PE10.GPIOParameters=GPIO_Speed,GPIO_PuPd,GPIO_Label,GPIO_Mode
PE10.GPIO_Label=FTDI_UART_RTS_L
PE10.GPIO_Mode=GPIO_MODE_AF_PP
PE10.GPIO_PuPd=GPIO_NOPULL
PE10.GPIO_Speed=GPIO_SPEED_FREQ_VERY_HIGH
PE10.Locked=true
PE10.Mode=CTS_RTS
PE10.Signal=UART7_CTS
PE2.GPIOParameters=GPIO_Speed,GPIO_PuPd,GPIO_Label,GPIO_Mode
PE2.GPIO_Label=LCD_SCLK
PE2.GPIO_Mode=GPIO_MODE_AF_PP
PE2.GPIO_PuPd=GPIO_NOPULL
PE2.GPIO_Speed=GPIO_SPEED_FREQ_VERY_HIGH
PE2.Locked=true
PE2.Mode=Full_Duplex_Master
PE2.Signal=SPI4_SCK
PE3.GPIOParameters=GPIO_PuPd,GPIO_Label,GPIO_Mode
PE3.GPIO_Label=UI_INPUT11
PE3.GPIO_Mode=GPIO_MODE_INPUT
PE3.GPIO_PuPd=GPIO_NOPULL
PE3.Locked=true
PE3.Signal=GPIO_Input
PE4.GPIOParameters=GPIO_Speed,GPIO_Label
PE4.GPIO_Label=LCD_SS
PE4.GPIO_Speed=GPIO_SPEED_FREQ_HIGH
PE4.Locked=true
PE4.Signal=GPIO_Output
PE5.GPIOParameters=GPIO_Speed,GPIO_PuPd,GPIO_Label,GPIO_Mode
PE5.GPIO_Label=LCD_MISO
PE5.GPIO_Mode=GPIO_MODE_AF_PP
PE5.GPIO_PuPd=GPIO_NOPULL
PE5.GPIO_Speed=GPIO_SPEED_FREQ_VERY_HIGH
PE5.Locked=true
PE5.Mode=Full_Duplex_Master
PE5.Signal=SPI4_MISO
PE6.GPIOParameters=GPIO_Speed,GPIO_PuPd,GPIO_Label,GPIO_Mode
PE6.GPIO_Label=LCD_MOSI
PE6.GPIO_Mode=GPIO_MODE_AF_PP
PE6.GPIO_PuPd=GPIO_NOPULL
PE6.GPIO_Speed=GPIO_SPEED_FREQ_VERY_HIGH
PE6.Locked=true
PE6.Mode=Full_Duplex_Master
PE6.Signal=SPI4_MOSI
PE7.GPIOParameters=GPIO_ModeDefaultPP,GPIO_Speed,GPIO_PuPd,GPIO_Label
PE7.GPIO_Label=FTDI_UART_TX
PE7.GPIO_ModeDefaultPP=GPIO_MODE_AF_PP
PE7.GPIO_PuPd=GPIO_NOPULL
PE7.GPIO_Speed=GPIO_SPEED_FREQ_VERY_HIGH
PE7.Locked=true
PE7.Mode=Asynchronous
PE7.Signal=UART7_RX
PE8.GPIOParameters=GPIO_ModeDefaultPP,GPIO_Speed,GPIO_PuPd,GPIO_Label
PE8.GPIO_Label=FTDI_UART_RX
PE8.GPIO_ModeDefaultPP=GPIO_MODE_AF_PP
PE8.GPIO_PuPd=GPIO_NOPULL
PE8.GPIO_Speed=GPIO_SPEED_FREQ_VERY_HIGH
PE8.Locked=true
PE8.Mode=Asynchronous
PE8.Signal=UART7_TX
PE9.GPIOParameters=GPIO_Speed,GPIO_PuPd,GPIO_Label,GPIO_Mode
PE9.GPIO_Label=FTDI_UART_CTS_L
PE9.GPIO_Mode=GPIO_MODE_AF_PP
PE9.GPIO_PuPd=GPIO_NOPULL
PE9.GPIO_Speed=GPIO_SPEED_FREQ_VERY_HIGH
PE9.Locked=true
PE9.Mode=CTS_RTS
PE9.Signal=UART7_RTS
PF0.GPIOParameters=GPIO_Speed,GPIO_PuPdOD,GPIO_Label,GPIO_Mode
PF0.GPIO_Label=SPARE_I2C_SDA_3V3
PF0.GPIO_Mode=GPIO_MODE_AF_OD
PF0.GPIO_PuPdOD=GPIO_PULLUP
PF0.GPIO_Speed=GPIO_SPEED_FREQ_VERY_HIGH
PF0.Locked=true
PF0.Mode=I2C
PF0.Signal=I2C2_SDA
PF1.GPIOParameters=GPIO_Speed,GPIO_PuPdOD,GPIO_Label,GPIO_Mode
PF1.GPIO_Label=SPARE_I2C_SCL_3V3
PF1.GPIO_Mode=GPIO_MODE_AF_OD
PF1.GPIO_PuPdOD=GPIO_PULLUP
PF1.GPIO_Speed=GPIO_SPEED_FREQ_VERY_HIGH
PF1.Locked=true
PF1.Mode=I2C
PF1.Signal=I2C2_SCL
PF10.GPIOParameters=GPIO_Label
PF10.GPIO_Label=PP_SPARE_I2C_ADC
PF10.Locked=true
PF10.Mode=IN8
PF10.Signal=ADC3_IN8
PF11.GPIOParameters=GPIO_Speed,GPIO_PuPd,GPIO_Label,GPIO_Mode
PF11.GPIO_Label=SPARE_MOSI_3V3
PF11.GPIO_Mode=GPIO_MODE_AF_PP
PF11.GPIO_PuPd=GPIO_NOPULL
PF11.GPIO_Speed=GPIO_SPEED_FREQ_VERY_HIGH
PF11.Locked=true
PF11.Mode=Full_Duplex_Master
PF11.Signal=SPI5_MOSI
PF12.GPIOParameters=GPIO_Speed,PinState,GPIO_PuPd,GPIO_Label,GPIO_ModeDefaultOutputPP
PF12.GPIO_Label=BTN4
PF12.GPIO_ModeDefaultOutputPP=GPIO_MODE_OUTPUT_PP
PF12.GPIO_PuPd=GPIO_NOPULL
PF12.GPIO_Speed=GPIO_SPEED_FREQ_LOW
PF12.Locked=true
PF12.PinState=GPIO_PIN_RESET
PF12.Signal=GPIO_Output
PF13.GPIOParameters=GPIO_Speed,PinState,GPIO_PuPd,GPIO_Label,GPIO_ModeDefaultOutputPP
PF13.GPIO_Label=BTN5
PF13.GPIO_ModeDefaultOutputPP=GPIO_MODE_OUTPUT_PP
PF13.GPIO_PuPd=GPIO_NOPULL
PF13.GPIO_Speed=GPIO_SPEED_FREQ_LOW
PF13.Locked=true
PF13.PinState=GPIO_PIN_RESET
PF13.Signal=GPIO_Output
PF14.GPIOParameters=GPIO_Speed,GPIO_PuPdOD,GPIO_Label,GPIO_Mode
PF14.GPIO_Label=STM_ZION_I2C_SCL
PF14.GPIO_Mode=GPIO_MODE_AF_OD
PF14.GPIO_PuPdOD=GPIO_PULLUP
PF14.GPIO_Speed=GPIO_SPEED_FREQ_VERY_HIGH
PF14.Locked=true
PF14.Mode=I2C
PF14.Signal=I2C4_SCL
PF15.GPIOParameters=GPIO_Speed,GPIO_PuPdOD,GPIO_Label,GPIO_Mode
PF15.GPIO_Label=STM_ZION_I2C_SDA
PF15.GPIO_Mode=GPIO_MODE_AF_OD
PF15.GPIO_PuPdOD=GPIO_PULLUP
PF15.GPIO_Speed=GPIO_SPEED_FREQ_VERY_HIGH
PF15.Locked=true
PF15.Mode=I2C
PF15.Signal=I2C4_SDA
PF2.GPIOParameters=GPIO_Speed,PinState,GPIO_PuPd,GPIO_Label,GPIO_ModeDefaultOutputPP
PF2.GPIO_Label=BTN0
PF2.GPIO_ModeDefaultOutputPP=GPIO_MODE_OUTPUT_PP
PF2.GPIO_PuPd=GPIO_NOPULL
PF2.GPIO_Speed=GPIO_SPEED_FREQ_LOW
PF2.Locked=true
PF2.PinState=GPIO_PIN_RESET
PF2.Signal=GPIO_Output
PF3.GPIOParameters=GPIO_Speed,PinState,GPIO_PuPd,GPIO_Label,GPIO_ModeDefaultOutputPP
PF3.GPIO_Label=BTN1
PF3.GPIO_ModeDefaultOutputPP=GPIO_MODE_OUTPUT_PP
PF3.GPIO_PuPd=GPIO_NOPULL
PF3.GPIO_Speed=GPIO_SPEED_FREQ_LOW
PF3.Locked=true
PF3.PinState=GPIO_PIN_RESET
PF3.Signal=GPIO_Output
PF4.GPIOParameters=GPIO_Speed,PinState,GPIO_PuPd,GPIO_Label,GPIO_ModeDefaultOutputPP
PF4.GPIO_Label=BTN2
PF4.GPIO_ModeDefaultOutputPP=GPIO_MODE_OUTPUT_PP
PF4.GPIO_PuPd=GPIO_NOPULL
PF4.GPIO_Speed=GPIO_SPEED_FREQ_LOW
PF4.Locked=true
PF4.PinState=GPIO_PIN_RESET
PF4.Signal=GPIO_Output
PF5.GPIOParameters=GPIO_Speed,PinState,GPIO_PuPd,GPIO_Label,GPIO_ModeDefaultOutputPP
PF5.GPIO_Label=BTN3
PF5.GPIO_ModeDefaultOutputPP=GPIO_MODE_OUTPUT_PP
PF5.GPIO_PuPd=GPIO_NOPULL
PF5.GPIO_Speed=GPIO_SPEED_FREQ_LOW
PF5.Locked=true
PF5.PinState=GPIO_PIN_RESET
PF5.Signal=GPIO_Output
PF6.GPIOParameters=GPIO_PuPd,GPIO_Label,GPIO_Mode
PF6.GPIO_Label=ADC14
PF6.GPIO_Mode=GPIO_MODE_ANALOG
PF6.GPIO_PuPd=GPIO_NOPULL
PF6.Locked=true
PF6.Mode=IN4
PF6.Signal=ADC3_IN4
PF7.GPIOParameters=GPIO_PuPd,GPIO_Label,GPIO_Mode
PF7.GPIO_Label=ADC15
PF7.GPIO_Mode=GPIO_MODE_ANALOG
PF7.GPIO_PuPd=GPIO_NOPULL
PF7.Locked=true
PF7.Mode=IN5
PF7.Signal=ADC3_IN5
PF8.GPIOParameters=GPIO_PuPd,GPIO_Label,GPIO_Mode
PF8.GPIO_Label=PP_CONFIG_ADC
PF8.GPIO_Mode=GPIO_MODE_ANALOG
PF8.GPIO_PuPd=GPIO_NOPULL
PF8.Locked=true
PF8.Mode=IN6
PF8.Signal=ADC3_IN6
PF9.GPIOParameters=GPIO_PuPd,GPIO_Label,GPIO_Mode
PF9.GPIO_Label=ZION_SENSE
PF9.GPIO_Mode=GPIO_MODE_ANALOG
PF9.GPIO_PuPd=GPIO_NOPULL
PF9.Locked=true
PF9.Mode=IN7
PF9.Signal=ADC3_IN7
PG0.GPIOParameters=GPIO_Speed,PinState,GPIO_PuPd,GPIO_Label,GPIO_ModeDefaultOutputPP
PG0.GPIO_Label=OUT0_1V8
PG0.GPIO_ModeDefaultOutputPP=GPIO_MODE_OUTPUT_PP
PG0.GPIO_PuPd=GPIO_NOPULL
PG0.GPIO_Speed=GPIO_SPEED_FREQ_LOW
PG0.Locked=true
PG0.PinState=GPIO_PIN_RESET
PG0.Signal=GPIO_Output
PG1.GPIOParameters=GPIO_Speed,PinState,GPIO_PuPd,GPIO_Label,GPIO_ModeDefaultOutputPP
PG1.GPIO_Label=OUT1_1V8
PG1.GPIO_ModeDefaultOutputPP=GPIO_MODE_OUTPUT_PP
PG1.GPIO_PuPd=GPIO_NOPULL
PG1.GPIO_Speed=GPIO_SPEED_FREQ_LOW
PG1.Locked=true
PG1.PinState=GPIO_PIN_RESET
PG1.Signal=GPIO_Output
PG14.GPIOParameters=GPIO_Speed,PinState,GPIO_PuPd,GPIO_Label,GPIO_ModeDefaultOutputPP
PG14.GPIO_Label=OUT3_1V8
PG14.GPIO_ModeDefaultOutputPP=GPIO_MODE_OUTPUT_PP
PG14.GPIO_PuPd=GPIO_NOPULL
PG14.GPIO_Speed=GPIO_SPEED_FREQ_LOW
PG14.Locked=true
PG14.PinState=GPIO_PIN_RESET
PG14.Signal=GPIO_Output
PG2.GPIOParameters=GPIO_Label
PG2.GPIO_Label=OUT0_OD
PG2.Locked=true
PG2.Signal=GPIO_Output
PG3.GPIOParameters=GPIO_Label
PG3.GPIO_Label=OUT1_OD
PG3.Locked=true
PG3.Signal=GPIO_Output
PG5.GPIOParameters=GPIO_Speed,PinState,GPIO_PuPd,GPIO_Label,GPIO_ModeDefaultOutputPP
PG5.GPIO_Label=OUT2_1V8
PG5.GPIO_ModeDefaultOutputPP=GPIO_MODE_OUTPUT_PP
PG5.GPIO_PuPd=GPIO_NOPULL
PG5.GPIO_Speed=GPIO_SPEED_FREQ_LOW
PG5.Locked=true
PG5.PinState=GPIO_PIN_RESET
PG5.Signal=GPIO_Output
PH0/OSC_IN.Locked=true
PH0/OSC_IN.Mode=HSE-External-Oscillator
PH0/OSC_IN.Signal=RCC_OSC_IN
PH1/OSC_OUT.Locked=true
PH1/OSC_OUT.Mode=HSE-External-Oscillator
PH1/OSC_OUT.Signal=RCC_OSC_OUT
PH10.GPIOParameters=GPIO_Label
PH10.GPIO_Label=LCD_EXTCOMM
PH10.Locked=true
PH10.Signal=S_TIM5_CH1
PH11.Locked=true
PH11.Signal=S_TIM5_CH2
PH12.GPIOParameters=GPIO_Label
PH12.GPIO_Label=FRONT_LED_CTRL
PH12.Locked=true
PH12.Signal=GPIO_Output
PH2.GPIOParameters=GPIO_Speed,PinState,GPIO_PuPd,GPIO_Label,GPIO_ModeDefaultOutputPP
PH2.GPIO_Label=OUT0_CONFIG
PH2.GPIO_ModeDefaultOutputPP=GPIO_MODE_OUTPUT_PP
PH2.GPIO_PuPd=GPIO_NOPULL
PH2.GPIO_Speed=GPIO_SPEED_FREQ_LOW
PH2.Locked=true
PH2.PinState=GPIO_PIN_RESET
PH2.Signal=GPIO_Output
PH5.GPIOParameters=GPIO_Speed,GPIO_PuPd,GPIO_Label,GPIO_Mode
PH5.GPIO_Label=SPARE_SS_L_3V3
PH5.GPIO_Mode=GPIO_MODE_AF_PP
PH5.GPIO_PuPd=GPIO_NOPULL
PH5.GPIO_Speed=GPIO_SPEED_FREQ_VERY_HIGH
PH5.Locked=true
PH5.Mode=NSS_Signal_Hard_Output
PH5.Signal=SPI5_NSS
PH6.GPIOParameters=GPIO_Speed,GPIO_PuPd,GPIO_Label,GPIO_Mode
PH6.GPIO_Label=SPARE_SCLK_3V3
PH6.GPIO_Mode=GPIO_MODE_AF_PP
PH6.GPIO_PuPd=GPIO_NOPULL
PH6.GPIO_Speed=GPIO_SPEED_FREQ_VERY_HIGH
PH6.Locked=true
PH6.Mode=Full_Duplex_Master
PH6.Signal=SPI5_SCK
PH7.GPIOParameters=GPIO_Speed,GPIO_PuPd,GPIO_Label,GPIO_Mode
PH7.GPIO_Label=SPARE_MISO_3V3
PH7.GPIO_Mode=GPIO_MODE_AF_PP
PH7.GPIO_PuPd=GPIO_NOPULL
PH7.GPIO_Speed=GPIO_SPEED_FREQ_VERY_HIGH
PH7.Locked=true
PH7.Mode=Full_Duplex_Master
PH7.Signal=SPI5_MISO
PI12.GPIOParameters=GPIO_Speed,PinState,GPIO_PuPd,GPIO_Label,GPIO_ModeDefaultOutputPP
PI12.GPIO_Label=MCU_HEARTBEAT
PI12.GPIO_ModeDefaultOutputPP=GPIO_MODE_OUTPUT_PP
PI12.GPIO_PuPd=GPIO_NOPULL
PI12.GPIO_Speed=GPIO_SPEED_FREQ_LOW
PI12.Locked=true
PI12.PinState=GPIO_PIN_RESET
PI12.Signal=GPIO_Output
PI4.GPIOParameters=GPIO_Speed,PinState,GPIO_PuPd,GPIO_Label,GPIO_ModeDefaultOutputPP
PI4.GPIO_Label=OUT1_CONFIG
PI4.GPIO_ModeDefaultOutputPP=GPIO_MODE_OUTPUT_PP
PI4.GPIO_PuPd=GPIO_NOPULL
PI4.GPIO_Speed=GPIO_SPEED_FREQ_LOW
PI4.Locked=true
PI4.PinState=GPIO_PIN_RESET
PI4.Signal=GPIO_Output
PI6.GPIOParameters=GPIO_Speed,PinState,GPIO_PuPd,GPIO_Label,GPIO_ModeDefaultOutputPP
PI6.GPIO_Label=OUT2_CONFIG
PI6.GPIO_ModeDefaultOutputPP=GPIO_MODE_OUTPUT_PP
PI6.GPIO_PuPd=GPIO_NOPULL
PI6.GPIO_Speed=GPIO_SPEED_FREQ_LOW
PI6.Locked=true
PI6.PinState=GPIO_PIN_RESET
PI6.Signal=GPIO_Output
PI8.GPIOParameters=GPIO_Speed,PinState,GPIO_PuPd,GPIO_Label,GPIO_ModeDefaultOutputPP
PI8.GPIO_Label=OUT3_CONFIG
PI8.GPIO_ModeDefaultOutputPP=GPIO_MODE_OUTPUT_PP
PI8.GPIO_PuPd=GPIO_NOPULL
PI8.GPIO_Speed=GPIO_SPEED_FREQ_LOW
PI8.Locked=true
PI8.PinState=GPIO_PIN_RESET
PI8.Signal=GPIO_Output
PJ0.GPIOParameters=GPIO_Speed,PinState,GPIO_PuPd,GPIO_Label,GPIO_ModeDefaultOutputPP
PJ0.GPIO_Label=LCD_EXTMODE
PJ0.GPIO_ModeDefaultOutputPP=GPIO_MODE_OUTPUT_PP
PJ0.GPIO_PuPd=GPIO_NOPULL
PJ0.GPIO_Speed=GPIO_SPEED_FREQ_LOW
PJ0.Locked=true
PJ0.PinState=GPIO_PIN_RESET
PJ0.Signal=GPIO_Output
PJ1.GPIOParameters=GPIO_Speed,PinState,GPIO_PuPd,GPIO_Label,GPIO_ModeDefaultOutputPP
PJ1.GPIO_Label=LCD_DISP
PJ1.GPIO_ModeDefaultOutputPP=GPIO_MODE_OUTPUT_PP
PJ1.GPIO_PuPd=GPIO_NOPULL
PJ1.GPIO_Speed=GPIO_SPEED_FREQ_LOW
PJ1.Locked=true
PJ1.PinState=GPIO_PIN_RESET
PJ1.Signal=GPIO_Output
PJ3.GPIOParameters=GPIO_Speed,PinState,GPIO_PuPd,GPIO_Label,GPIO_ModeDefaultOutputPP
PJ3.GPIO_Label=UART_MUX_CTRL
PJ3.GPIO_ModeDefaultOutputPP=GPIO_MODE_OUTPUT_PP
PJ3.GPIO_PuPd=GPIO_NOPULL
PJ3.GPIO_Speed=GPIO_SPEED_FREQ_LOW
PJ3.Locked=true
PJ3.PinState=GPIO_PIN_RESET
PJ3.Signal=GPIO_Output
PJ4.GPIOParameters=GPIO_Speed,PinState,GPIO_PuPd,GPIO_Label,GPIO_ModeDefaultOutputPP
PJ4.GPIO_Label=MCU_CTRL0
PJ4.GPIO_ModeDefaultOutputPP=GPIO_MODE_OUTPUT_PP
PJ4.GPIO_PuPd=GPIO_NOPULL
PJ4.GPIO_Speed=GPIO_SPEED_FREQ_LOW
PJ4.Locked=true
PJ4.PinState=GPIO_PIN_RESET
PJ4.Signal=GPIO_Output
PK0.GPIOParameters=GPIO_Speed,PinState,GPIO_PuPd,GPIO_Label,GPIO_ModeDefaultOutputPP
PK0.GPIO_Label=MCU_CTRL1
PK0.GPIO_ModeDefaultOutputPP=GPIO_MODE_OUTPUT_PP
PK0.GPIO_PuPd=GPIO_NOPULL
PK0.GPIO_Speed=GPIO_SPEED_FREQ_LOW
PK0.Locked=true
PK0.PinState=GPIO_PIN_RESET
PK0.Signal=GPIO_Output
PK1.GPIOParameters=GPIO_Speed,PinState,GPIO_PuPd,GPIO_Label,GPIO_ModeDefaultOutputPP
PK1.GPIO_Label=MCU_CTRL2
PK1.GPIO_ModeDefaultOutputPP=GPIO_MODE_OUTPUT_PP
PK1.GPIO_PuPd=GPIO_NOPULL
PK1.GPIO_Speed=GPIO_SPEED_FREQ_LOW
PK1.Locked=true
PK1.PinState=GPIO_PIN_RESET
PK1.Signal=GPIO_Output
PK4.GPIOParameters=GPIO_Label,GPIO_ModeDefaultEXTI
PK4.GPIO_Label=BACK_BTN
PK4.GPIO_ModeDefaultEXTI=GPIO_MODE_IT_FALLING
PK4.Locked=true
PK4.Signal=GPXTI4
PK5.GPIOParameters=GPIO_Label,GPIO_ModeDefaultEXTI
PK5.GPIO_Label=UP_BTN
PK5.GPIO_ModeDefaultEXTI=GPIO_MODE_IT_FALLING
PK5.Locked=true
PK5.Signal=GPXTI5
PK6.GPIOParameters=GPIO_Label,GPIO_ModeDefaultEXTI
PK6.GPIO_Label=SEL_BTN
PK6.GPIO_ModeDefaultEXTI=GPIO_MODE_IT_FALLING
PK6.Locked=true
PK6.Signal=GPXTI6
PK7.GPIOParameters=GPIO_Label,GPIO_ModeDefaultEXTI
PK7.GPIO_Label=DWN_BTN
PK7.GPIO_ModeDefaultEXTI=GPIO_MODE_IT_FALLING
PK7.Locked=true
PK7.Signal=GPXTI7
PinOutPanel.CurrentBGAView=Top
PinOutPanel.RotationAngle=0
ProjectManager.AskForMigrate=true
ProjectManager.BackupPrevious=false
ProjectManager.CompilerOptimize=6
ProjectManager.ComputerToolchain=false
ProjectManager.CoupleFile=false
ProjectManager.CustomerFirmwarePackage=
ProjectManager.DefaultFWLocation=true
ProjectManager.DeletePrevious=true
ProjectManager.DeviceId=STM32F777NIHx
ProjectManager.FirmwarePackage=STM32Cube FW_F7 V1.16.0
ProjectManager.FreePins=false
ProjectManager.HalAssertFull=false
ProjectManager.HeapSize=0x200
ProjectManager.KeepUserCode=true
ProjectManager.LastFirmware=true
ProjectManager.LibraryCopy=1
ProjectManager.MainLocation=Core/Src
ProjectManager.NoMain=false
ProjectManager.PreviousToolchain=STM32CubeIDE
ProjectManager.ProjectBuild=false
ProjectManager.ProjectFileName=Dev_ui.ioc
ProjectManager.ProjectName=Dev_ui
ProjectManager.RegisterCallBack=
ProjectManager.StackSize=0x400
ProjectManager.TargetToolchain=STM32CubeIDE
ProjectManager.ToolChainLocation=
ProjectManager.UnderRoot=true
ProjectManager.functionlistsort=1-MX_GPIO_Init-GPIO-false-HAL-true,2-MX_DMA_Init-DMA-false-HAL-true,3-SystemClock_Config-RCC-false-HAL-false,4-MX_ADC1_Init-ADC1-false-HAL-true,5-MX_ADC2_Init-ADC2-false-HAL-true,6-MX_ADC3_Init-ADC3-false-HAL-true,7-MX_I2C1_Init-I2C1-false-HAL-true,8-MX_I2C2_Init-I2C2-false-HAL-true,9-MX_I2C3_Init-I2C3-false-HAL-true,10-MX_I2C4_Init-I2C4-false-HAL-true,11-MX_RTC_Init-RTC-false-HAL-true,12-MX_SPI4_Init-SPI4-false-HAL-true,13-MX_SPI5_Init-SPI5-false-HAL-true,14-MX_TIM4_Init-TIM4-false-HAL-true,15-MX_TIM5_Init-TIM5-false-HAL-true,16-MX_UART4_Init-UART4-false-HAL-true,17-MX_UART5_Init-UART5-false-HAL-true,18-MX_UART7_Init-UART7-false-HAL-true,19-MX_USB_OTG_FS_PCD_Init-USB_OTG_FS-false-HAL-true,0-MX_CORTEX_M7_Init-CORTEX_M7-false-HAL-true
RCC.AHBFreq_Value=120000000
RCC.APB1CLKDivider=RCC_HCLK_DIV4
RCC.APB1Freq_Value=30000000
RCC.APB1TimFreq_Value=60000000
RCC.APB2CLKDivider=RCC_HCLK_DIV2
RCC.APB2Freq_Value=60000000
RCC.APB2TimFreq_Value=120000000
RCC.CECFreq_Value=32786.88524590164
RCC.CortexFreq_Value=120000000
RCC.DFSDMAudioFreq_Value=50000000
RCC.DFSDMFreq_Value=60000000
RCC.EthernetFreq_Value=120000000
RCC.FCLKCortexFreq_Value=120000000
RCC.FamilyName=M
RCC.HCLKFreq_Value=120000000
RCC.HSE_VALUE=25000000
RCC.HSI_VALUE=16000000
RCC.I2C1Freq_Value=30000000
RCC.I2C2Freq_Value=30000000
RCC.I2C3Freq_Value=30000000
RCC.I2C4Freq_Value=30000000
RCC.I2SFreq_Value=160000000
RCC.IPParameters=AHBFreq_Value,APB1CLKDivider,APB1Freq_Value,APB1TimFreq_Value,APB2CLKDivider,APB2Freq_Value,APB2TimFreq_Value,CECFreq_Value,CortexFreq_Value,DFSDMAudioFreq_Value,DFSDMFreq_Value,EthernetFreq_Value,FCLKCortexFreq_Value,FamilyName,HCLKFreq_Value,HSE_VALUE,HSI_VALUE,I2C1Freq_Value,I2C2Freq_Value,I2C3Freq_Value,I2C4Freq_Value,I2SFreq_Value,LCDTFTFreq_Value,LCDTFToutputFreq_Value,LPTIM1Freq_Value,LSI_VALUE,MCO2PinFreq_Value,PLLCLKFreq_Value,PLLI2SPCLKFreq_Value,PLLI2SQCLKFreq_Value,PLLI2SRCLKFreq_Value,PLLI2SRoutputFreq_Value,PLLM,PLLN,PLLQ,PLLQCLKFreq_Value,PLLQoutputFreq_Value,PLLRFreq_Value,PLLSAIN,PLLSAIPCLKFreq_Value,PLLSAIQCLKFreq_Value,PLLSAIRCLKFreq_Value,PLLSAIoutputFreq_Value,RNGFreq_Value,RTCClockSelection,RTCFreq_Value,SAI1Freq_Value,SAI2Freq_Value,SDMMC2Freq_Value,SDMMCFreq_Value,SPDIFRXFreq_Value,SYSCLKFreq_VALUE,SYSCLKSource,UART4Freq_Value,UART5Freq_Value,UART7Freq_Value,UART8Freq_Value,USART1Freq_Value,USART2Freq_Value,USART3Freq_Value,USART6Freq_Value,USBFreq_Value,VCOI2SOutputFreq_Value,VCOInputFreq_Value,VCOOutputFreq_Value,VCOSAIOutputFreq_Value
RCC.LCDTFTFreq_Value=25000000
RCC.LCDTFToutputFreq_Value=25000000
RCC.LPTIM1Freq_Value=30000000
RCC.LSI_VALUE=32000
RCC.MCO2PinFreq_Value=120000000
RCC.PLLCLKFreq_Value=120000000
RCC.PLLI2SPCLKFreq_Value=160000000
RCC.PLLI2SQCLKFreq_Value=160000000
RCC.PLLI2SRCLKFreq_Value=160000000
RCC.PLLI2SRoutputFreq_Value=160000000
RCC.PLLM=15
RCC.PLLN=144
RCC.PLLQ=5
RCC.PLLQCLKFreq_Value=48000000
RCC.PLLQoutputFreq_Value=48000000
RCC.PLLRFreq_Value=120000000
RCC.PLLSAIN=60
RCC.PLLSAIPCLKFreq_Value=50000000
RCC.PLLSAIQCLKFreq_Value=50000000
RCC.PLLSAIRCLKFreq_Value=50000000
RCC.PLLSAIoutputFreq_Value=50000000
RCC.RNGFreq_Value=48000000
RCC.RTCClockSelection=RCC_RTCCLKSOURCE_LSE
RCC.RTCFreq_Value=32768
RCC.SAI1Freq_Value=50000000
RCC.SAI2Freq_Value=50000000
RCC.SDMMC2Freq_Value=120000000
RCC.SDMMCFreq_Value=120000000
RCC.SPDIFRXFreq_Value=160000000
RCC.SYSCLKFreq_VALUE=120000000
RCC.SYSCLKSource=RCC_SYSCLKSOURCE_PLLCLK
RCC.UART4Freq_Value=30000000
RCC.UART5Freq_Value=30000000
RCC.UART7Freq_Value=30000000
RCC.UART8Freq_Value=30000000
RCC.USART1Freq_Value=60000000
RCC.USART2Freq_Value=30000000
RCC.USART3Freq_Value=30000000
RCC.USART6Freq_Value=60000000
RCC.USBFreq_Value=48000000
RCC.VCOI2SOutputFreq_Value=320000000
RCC.VCOInputFreq_Value=1666666.6666666667
RCC.VCOOutputFreq_Value=240000000
RCC.VCOSAIOutputFreq_Value=100000000
SH.ADCx_IN0.0=ADC2_IN0,IN0
SH.ADCx_IN0.ConfNb=1
SH.ADCx_IN1.0=ADC2_IN1,IN1
SH.ADCx_IN1.ConfNb=1
SH.ADCx_IN10.0=ADC2_IN10,IN10
SH.ADCx_IN10.1=ADC1_IN10,IN10
SH.ADCx_IN10.2=ADC3_IN10,IN10
SH.ADCx_IN10.ConfNb=3
SH.ADCx_IN11.0=ADC2_IN11
SH.ADCx_IN11.1=ADC3_IN11
SH.ADCx_IN11.2=ADC1_IN11,IN11
SH.ADCx_IN11.ConfNb=3
SH.ADCx_IN12.0=ADC2_IN12,IN12
SH.ADCx_IN12.1=ADC1_IN12,IN12
SH.ADCx_IN12.2=ADC3_IN12,IN12
SH.ADCx_IN12.ConfNb=3
SH.ADCx_IN13.0=ADC2_IN13,IN13
SH.ADCx_IN13.1=ADC1_IN13,IN13
SH.ADCx_IN13.2=ADC3_IN13,IN13
SH.ADCx_IN13.ConfNb=3
SH.ADCx_IN14.0=ADC2_IN14,IN14
SH.ADCx_IN14.ConfNb=1
SH.ADCx_IN15.0=ADC2_IN15,IN15
SH.ADCx_IN15.ConfNb=1
SH.ADCx_IN2.0=ADC3_IN2,IN2
SH.ADCx_IN2.ConfNb=1
SH.ADCx_IN3.0=ADC2_IN3,IN3
SH.ADCx_IN3.1=ADC1_IN3,IN3
SH.ADCx_IN3.2=ADC3_IN3,IN3
SH.ADCx_IN3.ConfNb=3
SH.ADCx_IN4.0=ADC2_IN4,IN4
SH.ADCx_IN4.1=ADC1_IN4,IN4
SH.ADCx_IN4.ConfNb=2
SH.ADCx_IN5.0=ADC2_IN5,IN5
SH.ADCx_IN5.1=ADC1_IN5,IN5
SH.ADCx_IN5.ConfNb=2
SH.ADCx_IN6.0=ADC2_IN6,IN6
SH.ADCx_IN6.1=ADC1_IN6,IN6
SH.ADCx_IN6.ConfNb=2
SH.ADCx_IN7.0=ADC1_IN7,IN7
SH.ADCx_IN7.ConfNb=1
SH.ADCx_IN8.0=ADC1_IN8,IN8
SH.ADCx_IN8.ConfNb=1
SH.ADCx_IN9.0=ADC2_IN9,IN9
SH.ADCx_IN9.1=ADC1_IN9,IN9
SH.ADCx_IN9.ConfNb=2
SH.GPXTI4.0=GPIO_EXTI4
SH.GPXTI4.ConfNb=1
SH.GPXTI5.0=GPIO_EXTI5
SH.GPXTI5.ConfNb=1
SH.GPXTI6.0=GPIO_EXTI6
SH.GPXTI6.ConfNb=1
SH.GPXTI7.0=GPIO_EXTI7
SH.GPXTI7.ConfNb=1
SH.S_TIM4_CH1.0=TIM4_CH1,PWM Generation1 CH1
SH.S_TIM4_CH1.ConfNb=1
SH.S_TIM5_CH1.0=TIM5_CH1,PWM Generation1 CH1
SH.S_TIM5_CH1.ConfNb=1
SH.S_TIM5_CH2.0=TIM5_CH2,PWM Generation2 CH2
SH.S_TIM5_CH2.ConfNb=1
SPI4.BaudRatePrescaler=SPI_BAUDRATEPRESCALER_8
SPI4.CalculateBaudRate=7.5 MBits/s
SPI4.DataSize=SPI_DATASIZE_8BIT
SPI4.Direction=SPI_DIRECTION_2LINES
SPI4.IPParameters=VirtualType,Mode,Direction,CalculateBaudRate,DataSize,BaudRatePrescaler,NSSPMode
SPI4.Mode=SPI_MODE_MASTER
SPI4.NSSPMode=SPI_NSS_PULSE_DISABLE
SPI4.VirtualType=VM_MASTER
SPI5.BaudRatePrescaler=SPI_BAUDRATEPRESCALER_16
SPI5.CalculateBaudRate=3.75 MBits/s
SPI5.DataSize=SPI_DATASIZE_8BIT
SPI5.Direction=SPI_DIRECTION_2LINES
SPI5.IPParameters=VirtualType,Mode,Direction,CalculateBaudRate,VirtualNSS,DataSize,BaudRatePrescaler,NSSPMode
SPI5.Mode=SPI_MODE_MASTER
SPI5.NSSPMode=SPI_NSS_PULSE_DISABLE
SPI5.VirtualNSS=VM_NSSHARD
SPI5.VirtualType=VM_MASTER
TIM4.Channel-PWM\ Generation1\ CH1=TIM_CHANNEL_1
TIM4.IPParameters=Channel-PWM Generation1 CH1
TIM5.Channel-PWM\ Generation1\ CH1=TIM_CHANNEL_1
TIM5.Channel-PWM\ Generation2\ CH2=TIM_CHANNEL_2
TIM5.IPParameters=Channel-PWM Generation2 CH2,Channel-PWM Generation1 CH1
USB_OTG_FS.IPParameters=VirtualMode
USB_OTG_FS.VirtualMode=Device_Only
VP_FREERTOS_VS_CMSIS_V2.Mode=CMSIS_V2
VP_FREERTOS_VS_CMSIS_V2.Signal=FREERTOS_VS_CMSIS_V2
VP_RTC_VS_RTC_Activate.Mode=RTC_Enabled
VP_RTC_VS_RTC_Activate.Signal=RTC_VS_RTC_Activate
VP_RTC_VS_RTC_Calendar.Signal=RTC_VS_RTC_Calendar
VP_SYS_VS_tim6.Mode=TIM6
VP_SYS_VS_tim6.Signal=SYS_VS_tim6
VP_TIM4_VS_ClockSourceINT.Mode=Internal
VP_TIM4_VS_ClockSourceINT.Signal=TIM4_VS_ClockSourceINT
VP_TIM5_VS_ClockSourceINT.Mode=Internal
VP_TIM5_VS_ClockSourceINT.Signal=TIM5_VS_ClockSourceINT
board=custom
isbadioc=false
